
Microsoft Visual Studio Solution File, Format Version 12.00
# Visual Studio Version 17
VisualStudioVersion = 17.11.35303.130
MinimumVisualStudioVersion = 10.0.40219.1
Project("{FAE04EC0-301F-11D3-BF4B-00C04F79EFBC}") = "Lab02", "Lab02\Lab02.csproj", "{42D04254-C787-4CC5-AF3E-DB6FE0C9BB3C}"
EndProject
Global
	GlobalSection(SolutionConfigurationPlatforms) = preSolution
		Debug|Any CPU = Debug|Any CPU
		Release|Any CPU = Release|Any CPU
	EndGlobalSection
	GlobalSection(ProjectConfigurationPlatforms) = postSolution
		{42D04254-C787-4CC5-AF3E-DB6FE0C9BB3C}.Debug|Any CPU.ActiveCfg = Debug|Any CPU
		{42D04254-C787-4CC5-AF3E-DB6FE0C9BB3C}.Debug|Any CPU.Build.0 = Debug|Any CPU
		{42D04254-C787-4CC5-AF3E-DB6FE0C9BB3C}.Release|Any CPU.ActiveCfg = Release|Any CPU
		{42D04254-C787-4CC5-AF3E-DB6FE0C9BB3C}.Release|Any CPU.Build.0 = Release|Any CPU
	EndGlobalSection
	GlobalSection(SolutionProperties) = preSolution
		HideSolutionNode = FALSE
	EndGlobalSection
	GlobalSection(ExtensibilityGlobals) = postSolution
		SolutionGuid = {58F196F4-CBCD-44F0-9679-8CE23C26AA2D}
	EndGlobalSection
EndGlobal
