
Microsoft Visual Studio Solution File, Format Version 12.00
# Visual Studio Version 17
VisualStudioVersion = 17.11.35222.181
MinimumVisualStudioVersion = 10.0.40219.1
Project("{FAE04EC0-301F-11D3-BF4B-00C04F79EFBC}") = "Lab_2_FNP", "Lab_2_FNP.csproj", "{2F3A471F-CE19-435E-96AE-9CF4DBDC14BC}"
EndProject
Global
	GlobalSection(SolutionConfigurationPlatforms) = preSolution
		Debug|Any CPU = Debug|Any CPU
		Release|Any CPU = Release|Any CPU
	EndGlobalSection
	GlobalSection(ProjectConfigurationPlatforms) = postSolution
		{2F3A471F-CE19-435E-96AE-9CF4DBDC14BC}.Debug|Any CPU.ActiveCfg = Debug|Any CPU
		{2F3A471F-CE19-435E-96AE-9CF4DBDC14BC}.Debug|Any CPU.Build.0 = Debug|Any CPU
		{2F3A471F-CE19-435E-96AE-9CF4DBDC14BC}.Release|Any CPU.ActiveCfg = Release|Any CPU
		{2F3A471F-CE19-435E-96AE-9CF4DBDC14BC}.Release|Any CPU.Build.0 = Release|Any CPU
	EndGlobalSection
	GlobalSection(SolutionProperties) = preSolution
		HideSolutionNode = FALSE
	EndGlobalSection
	GlobalSection(ExtensibilityGlobals) = postSolution
		SolutionGuid = {E00DCA6C-C940-4250-AE08-3FC37D956530}
	EndGlobalSection
EndGlobal
